
Microsoft Visual Studio Solution File, Format Version 12.00
# Visual Studio Version 16
VisualStudioVersion = 16.0.30804.86
MinimumVisualStudioVersion = 10.0.40219.1
Project("{FAE04EC0-301F-11D3-BF4B-00C04F79EFBC}") = "mmpk_annotation_layer_issue", "mmpk-annotation-layer-issue\mmpk_annotation_layer_issue\mmpk_annotation_layer_issue.csproj", "{0656ECCA-1749-4EF1-9C41-326EA29F8FDE}"
EndProject
Project("{FAE04EC0-301F-11D3-BF4B-00C04F79EFBC}") = "mmpk_annotation_layer_issue.iOS", "mmpk-annotation-layer-issue\mmpk_annotation_layer_issue.iOS\mmpk_annotation_layer_issue.iOS.csproj", "{7278000E-37E2-4954-820F-690F55B40FBF}"
EndProject
Project("{FAE04EC0-301F-11D3-BF4B-00C04F79EFBC}") = "mmpk_annotation_layer_issue.Android", "mmpk-annotation-layer-issue\mmpk_annotation_layer_issue.Android\mmpk_annotation_layer_issue.Android.csproj", "{FE810A8A-8AE8-41DB-8C9A-91E82F6C7221}"
EndProject
Project("{FAE04EC0-301F-11D3-BF4B-00C04F79EFBC}") = "mmpk_annotation_layer_issue.UWP", "mmpk-annotation-layer-issue\mmpk_annotation_layer_issue.UWP\mmpk_annotation_layer_issue.UWP.csproj", "{83808B75-9101-45F9-8AE0-6D554963A4E6}"
EndProject
Global
	GlobalSection(SolutionConfigurationPlatforms) = preSolution
		Ad-Hoc|Any CPU = Ad-Hoc|Any CPU
		Ad-Hoc|ARM = Ad-Hoc|ARM
		Ad-Hoc|ARM64 = Ad-Hoc|ARM64
		Ad-Hoc|iPhone = Ad-Hoc|iPhone
		Ad-Hoc|iPhoneSimulator = Ad-Hoc|iPhoneSimulator
		Ad-Hoc|x64 = Ad-Hoc|x64
		Ad-Hoc|x86 = Ad-Hoc|x86
		AppStore|Any CPU = AppStore|Any CPU
		AppStore|ARM = AppStore|ARM
		AppStore|ARM64 = AppStore|ARM64
		AppStore|iPhone = AppStore|iPhone
		AppStore|iPhoneSimulator = AppStore|iPhoneSimulator
		AppStore|x64 = AppStore|x64
		AppStore|x86 = AppStore|x86
		Debug|Any CPU = Debug|Any CPU
		Debug|ARM = Debug|ARM
		Debug|ARM64 = Debug|ARM64
		Debug|iPhone = Debug|iPhone
		Debug|iPhoneSimulator = Debug|iPhoneSimulator
		Debug|x64 = Debug|x64
		Debug|x86 = Debug|x86
		Release|Any CPU = Release|Any CPU
		Release|ARM = Release|ARM
		Release|ARM64 = Release|ARM64
		Release|iPhone = Release|iPhone
		Release|iPhoneSimulator = Release|iPhoneSimulator
		Release|x64 = Release|x64
		Release|x86 = Release|x86
	EndGlobalSection
	GlobalSection(ProjectConfigurationPlatforms) = postSolution
		{0656ECCA-1749-4EF1-9C41-326EA29F8FDE}.Ad-Hoc|Any CPU.ActiveCfg = Debug|Any CPU
		{0656ECCA-1749-4EF1-9C41-326EA29F8FDE}.Ad-Hoc|Any CPU.Build.0 = Debug|Any CPU
		{0656ECCA-1749-4EF1-9C41-326EA29F8FDE}.Ad-Hoc|ARM.ActiveCfg = Debug|Any CPU
		{0656ECCA-1749-4EF1-9C41-326EA29F8FDE}.Ad-Hoc|ARM.Build.0 = Debug|Any CPU
		{0656ECCA-1749-4EF1-9C41-326EA29F8FDE}.Ad-Hoc|ARM64.ActiveCfg = Debug|Any CPU
		{0656ECCA-1749-4EF1-9C41-326EA29F8FDE}.Ad-Hoc|ARM64.Build.0 = Debug|Any CPU
		{0656ECCA-1749-4EF1-9C41-326EA29F8FDE}.Ad-Hoc|iPhone.ActiveCfg = Debug|Any CPU
		{0656ECCA-1749-4EF1-9C41-326EA29F8FDE}.Ad-Hoc|iPhone.Build.0 = Debug|Any CPU
		{0656ECCA-1749-4EF1-9C41-326EA29F8FDE}.Ad-Hoc|iPhoneSimulator.ActiveCfg = Debug|Any CPU
		{0656ECCA-1749-4EF1-9C41-326EA29F8FDE}.Ad-Hoc|iPhoneSimulator.Build.0 = Debug|Any CPU
		{0656ECCA-1749-4EF1-9C41-326EA29F8FDE}.Ad-Hoc|x64.ActiveCfg = Debug|Any CPU
		{0656ECCA-1749-4EF1-9C41-326EA29F8FDE}.Ad-Hoc|x64.Build.0 = Debug|Any CPU
		{0656ECCA-1749-4EF1-9C41-326EA29F8FDE}.Ad-Hoc|x86.ActiveCfg = Debug|Any CPU
		{0656ECCA-1749-4EF1-9C41-326EA29F8FDE}.Ad-Hoc|x86.Build.0 = Debug|Any CPU
		{0656ECCA-1749-4EF1-9C41-326EA29F8FDE}.AppStore|Any CPU.ActiveCfg = Debug|Any CPU
		{0656ECCA-1749-4EF1-9C41-326EA29F8FDE}.AppStore|Any CPU.Build.0 = Debug|Any CPU
		{0656ECCA-1749-4EF1-9C41-326EA29F8FDE}.AppStore|ARM.ActiveCfg = Debug|Any CPU
		{0656ECCA-1749-4EF1-9C41-326EA29F8FDE}.AppStore|ARM.Build.0 = Debug|Any CPU
		{0656ECCA-1749-4EF1-9C41-326EA29F8FDE}.AppStore|ARM64.ActiveCfg = Debug|Any CPU
		{0656ECCA-1749-4EF1-9C41-326EA29F8FDE}.AppStore|ARM64.Build.0 = Debug|Any CPU
		{0656ECCA-1749-4EF1-9C41-326EA29F8FDE}.AppStore|iPhone.ActiveCfg = Debug|Any CPU
		{0656ECCA-1749-4EF1-9C41-326EA29F8FDE}.AppStore|iPhone.Build.0 = Debug|Any CPU
		{0656ECCA-1749-4EF1-9C41-326EA29F8FDE}.AppStore|iPhoneSimulator.ActiveCfg = Debug|Any CPU
		{0656ECCA-1749-4EF1-9C41-326EA29F8FDE}.AppStore|iPhoneSimulator.Build.0 = Debug|Any CPU
		{0656ECCA-1749-4EF1-9C41-326EA29F8FDE}.AppStore|x64.ActiveCfg = Debug|Any CPU
		{0656ECCA-1749-4EF1-9C41-326EA29F8FDE}.AppStore|x64.Build.0 = Debug|Any CPU
		{0656ECCA-1749-4EF1-9C41-326EA29F8FDE}.AppStore|x86.ActiveCfg = Debug|Any CPU
		{0656ECCA-1749-4EF1-9C41-326EA29F8FDE}.AppStore|x86.Build.0 = Debug|Any CPU
		{0656ECCA-1749-4EF1-9C41-326EA29F8FDE}.Debug|Any CPU.ActiveCfg = Debug|Any CPU
		{0656ECCA-1749-4EF1-9C41-326EA29F8FDE}.Debug|Any CPU.Build.0 = Debug|Any CPU
		{0656ECCA-1749-4EF1-9C41-326EA29F8FDE}.Debug|ARM.ActiveCfg = Debug|Any CPU
		{0656ECCA-1749-4EF1-9C41-326EA29F8FDE}.Debug|ARM.Build.0 = Debug|Any CPU
		{0656ECCA-1749-4EF1-9C41-326EA29F8FDE}.Debug|ARM64.ActiveCfg = Debug|Any CPU
		{0656ECCA-1749-4EF1-9C41-326EA29F8FDE}.Debug|ARM64.Build.0 = Debug|Any CPU
		{0656ECCA-1749-4EF1-9C41-326EA29F8FDE}.Debug|iPhone.ActiveCfg = Debug|Any CPU
		{0656ECCA-1749-4EF1-9C41-326EA29F8FDE}.Debug|iPhone.Build.0 = Debug|Any CPU
		{0656ECCA-1749-4EF1-9C41-326EA29F8FDE}.Debug|iPhoneSimulator.ActiveCfg = Debug|Any CPU
		{0656ECCA-1749-4EF1-9C41-326EA29F8FDE}.Debug|iPhoneSimulator.Build.0 = Debug|Any CPU
		{0656ECCA-1749-4EF1-9C41-326EA29F8FDE}.Debug|x64.ActiveCfg = Debug|Any CPU
		{0656ECCA-1749-4EF1-9C41-326EA29F8FDE}.Debug|x64.Build.0 = Debug|Any CPU
		{0656ECCA-1749-4EF1-9C41-326EA29F8FDE}.Debug|x86.ActiveCfg = Debug|Any CPU
		{0656ECCA-1749-4EF1-9C41-326EA29F8FDE}.Debug|x86.Build.0 = Debug|Any CPU
		{0656ECCA-1749-4EF1-9C41-326EA29F8FDE}.Release|Any CPU.ActiveCfg = Release|Any CPU
		{0656ECCA-1749-4EF1-9C41-326EA29F8FDE}.Release|Any CPU.Build.0 = Release|Any CPU
		{0656ECCA-1749-4EF1-9C41-326EA29F8FDE}.Release|ARM.ActiveCfg = Release|Any CPU
		{0656ECCA-1749-4EF1-9C41-326EA29F8FDE}.Release|ARM.Build.0 = Release|Any CPU
		{0656ECCA-1749-4EF1-9C41-326EA29F8FDE}.Release|ARM64.ActiveCfg = Release|Any CPU
		{0656ECCA-1749-4EF1-9C41-326EA29F8FDE}.Release|ARM64.Build.0 = Release|Any CPU
		{0656ECCA-1749-4EF1-9C41-326EA29F8FDE}.Release|iPhone.ActiveCfg = Release|Any CPU
		{0656ECCA-1749-4EF1-9C41-326EA29F8FDE}.Release|iPhone.Build.0 = Release|Any CPU
		{0656ECCA-1749-4EF1-9C41-326EA29F8FDE}.Release|iPhoneSimulator.ActiveCfg = Release|Any CPU
		{0656ECCA-1749-4EF1-9C41-326EA29F8FDE}.Release|iPhoneSimulator.Build.0 = Release|Any CPU
		{0656ECCA-1749-4EF1-9C41-326EA29F8FDE}.Release|x64.ActiveCfg = Release|Any CPU
		{0656ECCA-1749-4EF1-9C41-326EA29F8FDE}.Release|x64.Build.0 = Release|Any CPU
		{0656ECCA-1749-4EF1-9C41-326EA29F8FDE}.Release|x86.ActiveCfg = Release|Any CPU
		{0656ECCA-1749-4EF1-9C41-326EA29F8FDE}.Release|x86.Build.0 = Release|Any CPU
		{7278000E-37E2-4954-820F-690F55B40FBF}.Ad-Hoc|Any CPU.ActiveCfg = Ad-Hoc|iPhoneSimulator
		{7278000E-37E2-4954-820F-690F55B40FBF}.Ad-Hoc|ARM.ActiveCfg = Ad-Hoc|iPhoneSimulator
		{7278000E-37E2-4954-820F-690F55B40FBF}.Ad-Hoc|ARM64.ActiveCfg = Ad-Hoc|iPhoneSimulator
		{7278000E-37E2-4954-820F-690F55B40FBF}.Ad-Hoc|iPhone.ActiveCfg = Ad-Hoc|iPhone
		{7278000E-37E2-4954-820F-690F55B40FBF}.Ad-Hoc|iPhone.Build.0 = Ad-Hoc|iPhone
		{7278000E-37E2-4954-820F-690F55B40FBF}.Ad-Hoc|iPhoneSimulator.ActiveCfg = Ad-Hoc|iPhoneSimulator
		{7278000E-37E2-4954-820F-690F55B40FBF}.Ad-Hoc|iPhoneSimulator.Build.0 = Ad-Hoc|iPhoneSimulator
		{7278000E-37E2-4954-820F-690F55B40FBF}.Ad-Hoc|x64.ActiveCfg = Ad-Hoc|iPhoneSimulator
		{7278000E-37E2-4954-820F-690F55B40FBF}.Ad-Hoc|x86.ActiveCfg = Ad-Hoc|iPhoneSimulator
		{7278000E-37E2-4954-820F-690F55B40FBF}.AppStore|Any CPU.ActiveCfg = AppStore|iPhoneSimulator
		{7278000E-37E2-4954-820F-690F55B40FBF}.AppStore|ARM.ActiveCfg = AppStore|iPhoneSimulator
		{7278000E-37E2-4954-820F-690F55B40FBF}.AppStore|ARM64.ActiveCfg = AppStore|iPhoneSimulator
		{7278000E-37E2-4954-820F-690F55B40FBF}.AppStore|iPhone.ActiveCfg = AppStore|iPhone
		{7278000E-37E2-4954-820F-690F55B40FBF}.AppStore|iPhone.Build.0 = AppStore|iPhone
		{7278000E-37E2-4954-820F-690F55B40FBF}.AppStore|iPhoneSimulator.ActiveCfg = AppStore|iPhoneSimulator
		{7278000E-37E2-4954-820F-690F55B40FBF}.AppStore|iPhoneSimulator.Build.0 = AppStore|iPhoneSimulator
		{7278000E-37E2-4954-820F-690F55B40FBF}.AppStore|x64.ActiveCfg = AppStore|iPhoneSimulator
		{7278000E-37E2-4954-820F-690F55B40FBF}.AppStore|x86.ActiveCfg = AppStore|iPhoneSimulator
		{7278000E-37E2-4954-820F-690F55B40FBF}.Debug|Any CPU.ActiveCfg = Debug|iPhoneSimulator
		{7278000E-37E2-4954-820F-690F55B40FBF}.Debug|ARM.ActiveCfg = Debug|iPhoneSimulator
		{7278000E-37E2-4954-820F-690F55B40FBF}.Debug|ARM64.ActiveCfg = Debug|iPhoneSimulator
		{7278000E-37E2-4954-820F-690F55B40FBF}.Debug|iPhone.ActiveCfg = Debug|iPhone
		{7278000E-37E2-4954-820F-690F55B40FBF}.Debug|iPhone.Build.0 = Debug|iPhone
		{7278000E-37E2-4954-820F-690F55B40FBF}.Debug|iPhoneSimulator.ActiveCfg = Debug|iPhoneSimulator
		{7278000E-37E2-4954-820F-690F55B40FBF}.Debug|iPhoneSimulator.Build.0 = Debug|iPhoneSimulator
		{7278000E-37E2-4954-820F-690F55B40FBF}.Debug|x64.ActiveCfg = Debug|iPhoneSimulator
		{7278000E-37E2-4954-820F-690F55B40FBF}.Debug|x86.ActiveCfg = Debug|iPhoneSimulator
		{7278000E-37E2-4954-820F-690F55B40FBF}.Release|Any CPU.ActiveCfg = Release|iPhoneSimulator
		{7278000E-37E2-4954-820F-690F55B40FBF}.Release|ARM.ActiveCfg = Release|iPhoneSimulator
		{7278000E-37E2-4954-820F-690F55B40FBF}.Release|ARM64.ActiveCfg = Release|iPhoneSimulator
		{7278000E-37E2-4954-820F-690F55B40FBF}.Release|iPhone.ActiveCfg = Release|iPhone
		{7278000E-37E2-4954-820F-690F55B40FBF}.Release|iPhone.Build.0 = Release|iPhone
		{7278000E-37E2-4954-820F-690F55B40FBF}.Release|iPhoneSimulator.ActiveCfg = Release|iPhoneSimulator
		{7278000E-37E2-4954-820F-690F55B40FBF}.Release|iPhoneSimulator.Build.0 = Release|iPhoneSimulator
		{7278000E-37E2-4954-820F-690F55B40FBF}.Release|x64.ActiveCfg = Release|iPhoneSimulator
		{7278000E-37E2-4954-820F-690F55B40FBF}.Release|x86.ActiveCfg = Release|iPhoneSimulator
		{FE810A8A-8AE8-41DB-8C9A-91E82F6C7221}.Ad-Hoc|Any CPU.ActiveCfg = Debug|Any CPU
		{FE810A8A-8AE8-41DB-8C9A-91E82F6C7221}.Ad-Hoc|Any CPU.Build.0 = Debug|Any CPU
		{FE810A8A-8AE8-41DB-8C9A-91E82F6C7221}.Ad-Hoc|Any CPU.Deploy.0 = Debug|Any CPU
		{FE810A8A-8AE8-41DB-8C9A-91E82F6C7221}.Ad-Hoc|ARM.ActiveCfg = Debug|Any CPU
		{FE810A8A-8AE8-41DB-8C9A-91E82F6C7221}.Ad-Hoc|ARM.Build.0 = Debug|Any CPU
		{FE810A8A-8AE8-41DB-8C9A-91E82F6C7221}.Ad-Hoc|ARM.Deploy.0 = Debug|Any CPU
		{FE810A8A-8AE8-41DB-8C9A-91E82F6C7221}.Ad-Hoc|ARM64.ActiveCfg = Debug|Any CPU
		{FE810A8A-8AE8-41DB-8C9A-91E82F6C7221}.Ad-Hoc|ARM64.Build.0 = Debug|Any CPU
		{FE810A8A-8AE8-41DB-8C9A-91E82F6C7221}.Ad-Hoc|ARM64.Deploy.0 = Debug|Any CPU
		{FE810A8A-8AE8-41DB-8C9A-91E82F6C7221}.Ad-Hoc|iPhone.ActiveCfg = Debug|Any CPU
		{FE810A8A-8AE8-41DB-8C9A-91E82F6C7221}.Ad-Hoc|iPhone.Build.0 = Debug|Any CPU
		{FE810A8A-8AE8-41DB-8C9A-91E82F6C7221}.Ad-Hoc|iPhone.Deploy.0 = Debug|Any CPU
		{FE810A8A-8AE8-41DB-8C9A-91E82F6C7221}.Ad-Hoc|iPhoneSimulator.ActiveCfg = Debug|Any CPU
		{FE810A8A-8AE8-41DB-8C9A-91E82F6C7221}.Ad-Hoc|iPhoneSimulator.Build.0 = Debug|Any CPU
		{FE810A8A-8AE8-41DB-8C9A-91E82F6C7221}.Ad-Hoc|iPhoneSimulator.Deploy.0 = Debug|Any CPU
		{FE810A8A-8AE8-41DB-8C9A-91E82F6C7221}.Ad-Hoc|x64.ActiveCfg = Debug|Any CPU
		{FE810A8A-8AE8-41DB-8C9A-91E82F6C7221}.Ad-Hoc|x64.Build.0 = Debug|Any CPU
		{FE810A8A-8AE8-41DB-8C9A-91E82F6C7221}.Ad-Hoc|x64.Deploy.0 = Debug|Any CPU
		{FE810A8A-8AE8-41DB-8C9A-91E82F6C7221}.Ad-Hoc|x86.ActiveCfg = Debug|Any CPU
		{FE810A8A-8AE8-41DB-8C9A-91E82F6C7221}.Ad-Hoc|x86.Build.0 = Debug|Any CPU
		{FE810A8A-8AE8-41DB-8C9A-91E82F6C7221}.Ad-Hoc|x86.Deploy.0 = Debug|Any CPU
		{FE810A8A-8AE8-41DB-8C9A-91E82F6C7221}.AppStore|Any CPU.ActiveCfg = Debug|Any CPU
		{FE810A8A-8AE8-41DB-8C9A-91E82F6C7221}.AppStore|Any CPU.Build.0 = Debug|Any CPU
		{FE810A8A-8AE8-41DB-8C9A-91E82F6C7221}.AppStore|Any CPU.Deploy.0 = Debug|Any CPU
		{FE810A8A-8AE8-41DB-8C9A-91E82F6C7221}.AppStore|ARM.ActiveCfg = Debug|Any CPU
		{FE810A8A-8AE8-41DB-8C9A-91E82F6C7221}.AppStore|ARM.Build.0 = Debug|Any CPU
		{FE810A8A-8AE8-41DB-8C9A-91E82F6C7221}.AppStore|ARM.Deploy.0 = Debug|Any CPU
		{FE810A8A-8AE8-41DB-8C9A-91E82F6C7221}.AppStore|ARM64.ActiveCfg = Debug|Any CPU
		{FE810A8A-8AE8-41DB-8C9A-91E82F6C7221}.AppStore|ARM64.Build.0 = Debug|Any CPU
		{FE810A8A-8AE8-41DB-8C9A-91E82F6C7221}.AppStore|ARM64.Deploy.0 = Debug|Any CPU
		{FE810A8A-8AE8-41DB-8C9A-91E82F6C7221}.AppStore|iPhone.ActiveCfg = Debug|Any CPU
		{FE810A8A-8AE8-41DB-8C9A-91E82F6C7221}.AppStore|iPhone.Build.0 = Debug|Any CPU
		{FE810A8A-8AE8-41DB-8C9A-91E82F6C7221}.AppStore|iPhone.Deploy.0 = Debug|Any CPU
		{FE810A8A-8AE8-41DB-8C9A-91E82F6C7221}.AppStore|iPhoneSimulator.ActiveCfg = Debug|Any CPU
		{FE810A8A-8AE8-41DB-8C9A-91E82F6C7221}.AppStore|iPhoneSimulator.Build.0 = Debug|Any CPU
		{FE810A8A-8AE8-41DB-8C9A-91E82F6C7221}.AppStore|iPhoneSimulator.Deploy.0 = Debug|Any CPU
		{FE810A8A-8AE8-41DB-8C9A-91E82F6C7221}.AppStore|x64.ActiveCfg = Debug|Any CPU
		{FE810A8A-8AE8-41DB-8C9A-91E82F6C7221}.AppStore|x64.Build.0 = Debug|Any CPU
		{FE810A8A-8AE8-41DB-8C9A-91E82F6C7221}.AppStore|x64.Deploy.0 = Debug|Any CPU
		{FE810A8A-8AE8-41DB-8C9A-91E82F6C7221}.AppStore|x86.ActiveCfg = Debug|Any CPU
		{FE810A8A-8AE8-41DB-8C9A-91E82F6C7221}.AppStore|x86.Build.0 = Debug|Any CPU
		{FE810A8A-8AE8-41DB-8C9A-91E82F6C7221}.AppStore|x86.Deploy.0 = Debug|Any CPU
		{FE810A8A-8AE8-41DB-8C9A-91E82F6C7221}.Debug|Any CPU.ActiveCfg = Debug|Any CPU
		{FE810A8A-8AE8-41DB-8C9A-91E82F6C7221}.Debug|Any CPU.Build.0 = Debug|Any CPU
		{FE810A8A-8AE8-41DB-8C9A-91E82F6C7221}.Debug|Any CPU.Deploy.0 = Debug|Any CPU
		{FE810A8A-8AE8-41DB-8C9A-91E82F6C7221}.Debug|ARM.ActiveCfg = Debug|Any CPU
		{FE810A8A-8AE8-41DB-8C9A-91E82F6C7221}.Debug|ARM.Build.0 = Debug|Any CPU
		{FE810A8A-8AE8-41DB-8C9A-91E82F6C7221}.Debug|ARM.Deploy.0 = Debug|Any CPU
		{FE810A8A-8AE8-41DB-8C9A-91E82F6C7221}.Debug|ARM64.ActiveCfg = Debug|Any CPU
		{FE810A8A-8AE8-41DB-8C9A-91E82F6C7221}.Debug|ARM64.Build.0 = Debug|Any CPU
		{FE810A8A-8AE8-41DB-8C9A-91E82F6C7221}.Debug|ARM64.Deploy.0 = Debug|Any CPU
		{FE810A8A-8AE8-41DB-8C9A-91E82F6C7221}.Debug|iPhone.ActiveCfg = Debug|Any CPU
		{FE810A8A-8AE8-41DB-8C9A-91E82F6C7221}.Debug|iPhone.Build.0 = Debug|Any CPU
		{FE810A8A-8AE8-41DB-8C9A-91E82F6C7221}.Debug|iPhone.Deploy.0 = Debug|Any CPU
		{FE810A8A-8AE8-41DB-8C9A-91E82F6C7221}.Debug|iPhoneSimulator.ActiveCfg = Debug|Any CPU
		{FE810A8A-8AE8-41DB-8C9A-91E82F6C7221}.Debug|iPhoneSimulator.Build.0 = Debug|Any CPU
		{FE810A8A-8AE8-41DB-8C9A-91E82F6C7221}.Debug|iPhoneSimulator.Deploy.0 = Debug|Any CPU
		{FE810A8A-8AE8-41DB-8C9A-91E82F6C7221}.Debug|x64.ActiveCfg = Debug|Any CPU
		{FE810A8A-8AE8-41DB-8C9A-91E82F6C7221}.Debug|x64.Build.0 = Debug|Any CPU
		{FE810A8A-8AE8-41DB-8C9A-91E82F6C7221}.Debug|x64.Deploy.0 = Debug|Any CPU
		{FE810A8A-8AE8-41DB-8C9A-91E82F6C7221}.Debug|x86.ActiveCfg = Debug|Any CPU
		{FE810A8A-8AE8-41DB-8C9A-91E82F6C7221}.Debug|x86.Build.0 = Debug|Any CPU
		{FE810A8A-8AE8-41DB-8C9A-91E82F6C7221}.Debug|x86.Deploy.0 = Debug|Any CPU
		{FE810A8A-8AE8-41DB-8C9A-91E82F6C7221}.Release|Any CPU.ActiveCfg = Release|Any CPU
		{FE810A8A-8AE8-41DB-8C9A-91E82F6C7221}.Release|Any CPU.Build.0 = Release|Any CPU
		{FE810A8A-8AE8-41DB-8C9A-91E82F6C7221}.Release|Any CPU.Deploy.0 = Release|Any CPU
		{FE810A8A-8AE8-41DB-8C9A-91E82F6C7221}.Release|ARM.ActiveCfg = Release|Any CPU
		{FE810A8A-8AE8-41DB-8C9A-91E82F6C7221}.Release|ARM.Build.0 = Release|Any CPU
		{FE810A8A-8AE8-41DB-8C9A-91E82F6C7221}.Release|ARM.Deploy.0 = Release|Any CPU
		{FE810A8A-8AE8-41DB-8C9A-91E82F6C7221}.Release|ARM64.ActiveCfg = Release|Any CPU
		{FE810A8A-8AE8-41DB-8C9A-91E82F6C7221}.Release|ARM64.Build.0 = Release|Any CPU
		{FE810A8A-8AE8-41DB-8C9A-91E82F6C7221}.Release|ARM64.Deploy.0 = Release|Any CPU
		{FE810A8A-8AE8-41DB-8C9A-91E82F6C7221}.Release|iPhone.ActiveCfg = Release|Any CPU
		{FE810A8A-8AE8-41DB-8C9A-91E82F6C7221}.Release|iPhone.Build.0 = Release|Any CPU
		{FE810A8A-8AE8-41DB-8C9A-91E82F6C7221}.Release|iPhone.Deploy.0 = Release|Any CPU
		{FE810A8A-8AE8-41DB-8C9A-91E82F6C7221}.Release|iPhoneSimulator.ActiveCfg = Release|Any CPU
		{FE810A8A-8AE8-41DB-8C9A-91E82F6C7221}.Release|iPhoneSimulator.Build.0 = Release|Any CPU
		{FE810A8A-8AE8-41DB-8C9A-91E82F6C7221}.Release|iPhoneSimulator.Deploy.0 = Release|Any CPU
		{FE810A8A-8AE8-41DB-8C9A-91E82F6C7221}.Release|x64.ActiveCfg = Release|Any CPU
		{FE810A8A-8AE8-41DB-8C9A-91E82F6C7221}.Release|x64.Build.0 = Release|Any CPU
		{FE810A8A-8AE8-41DB-8C9A-91E82F6C7221}.Release|x64.Deploy.0 = Release|Any CPU
		{FE810A8A-8AE8-41DB-8C9A-91E82F6C7221}.Release|x86.ActiveCfg = Release|Any CPU
		{FE810A8A-8AE8-41DB-8C9A-91E82F6C7221}.Release|x86.Build.0 = Release|Any CPU
		{FE810A8A-8AE8-41DB-8C9A-91E82F6C7221}.Release|x86.Deploy.0 = Release|Any CPU
		{83808B75-9101-45F9-8AE0-6D554963A4E6}.Ad-Hoc|Any CPU.ActiveCfg = Debug|ARM
		{83808B75-9101-45F9-8AE0-6D554963A4E6}.Ad-Hoc|Any CPU.Build.0 = Debug|ARM
		{83808B75-9101-45F9-8AE0-6D554963A4E6}.Ad-Hoc|Any CPU.Deploy.0 = Debug|ARM
		{83808B75-9101-45F9-8AE0-6D554963A4E6}.Ad-Hoc|ARM.ActiveCfg = Debug|ARM
		{83808B75-9101-45F9-8AE0-6D554963A4E6}.Ad-Hoc|ARM.Build.0 = Debug|ARM
		{83808B75-9101-45F9-8AE0-6D554963A4E6}.Ad-Hoc|ARM.Deploy.0 = Debug|ARM
		{83808B75-9101-45F9-8AE0-6D554963A4E6}.Ad-Hoc|ARM64.ActiveCfg = Debug|ARM64
		{83808B75-9101-45F9-8AE0-6D554963A4E6}.Ad-Hoc|ARM64.Build.0 = Debug|ARM64
		{83808B75-9101-45F9-8AE0-6D554963A4E6}.Ad-Hoc|ARM64.Deploy.0 = Debug|ARM64
		{83808B75-9101-45F9-8AE0-6D554963A4E6}.Ad-Hoc|iPhone.ActiveCfg = Debug|ARM
		{83808B75-9101-45F9-8AE0-6D554963A4E6}.Ad-Hoc|iPhone.Build.0 = Debug|ARM
		{83808B75-9101-45F9-8AE0-6D554963A4E6}.Ad-Hoc|iPhone.Deploy.0 = Debug|ARM
		{83808B75-9101-45F9-8AE0-6D554963A4E6}.Ad-Hoc|iPhoneSimulator.ActiveCfg = Debug|ARM
		{83808B75-9101-45F9-8AE0-6D554963A4E6}.Ad-Hoc|iPhoneSimulator.Build.0 = Debug|ARM
		{83808B75-9101-45F9-8AE0-6D554963A4E6}.Ad-Hoc|iPhoneSimulator.Deploy.0 = Debug|ARM
		{83808B75-9101-45F9-8AE0-6D554963A4E6}.Ad-Hoc|x64.ActiveCfg = Debug|x64
		{83808B75-9101-45F9-8AE0-6D554963A4E6}.Ad-Hoc|x64.Build.0 = Debug|x64
		{83808B75-9101-45F9-8AE0-6D554963A4E6}.Ad-Hoc|x64.Deploy.0 = Debug|x64
		{83808B75-9101-45F9-8AE0-6D554963A4E6}.Ad-Hoc|x86.ActiveCfg = Debug|x86
		{83808B75-9101-45F9-8AE0-6D554963A4E6}.Ad-Hoc|x86.Build.0 = Debug|x86
		{83808B75-9101-45F9-8AE0-6D554963A4E6}.Ad-Hoc|x86.Deploy.0 = Debug|x86
		{83808B75-9101-45F9-8AE0-6D554963A4E6}.AppStore|Any CPU.ActiveCfg = Debug|ARM
		{83808B75-9101-45F9-8AE0-6D554963A4E6}.AppStore|Any CPU.Build.0 = Debug|ARM
		{83808B75-9101-45F9-8AE0-6D554963A4E6}.AppStore|Any CPU.Deploy.0 = Debug|ARM
		{83808B75-9101-45F9-8AE0-6D554963A4E6}.AppStore|ARM.ActiveCfg = Debug|ARM
		{83808B75-9101-45F9-8AE0-6D554963A4E6}.AppStore|ARM.Build.0 = Debug|ARM
		{83808B75-9101-45F9-8AE0-6D554963A4E6}.AppStore|ARM.Deploy.0 = Debug|ARM
		{83808B75-9101-45F9-8AE0-6D554963A4E6}.AppStore|ARM64.ActiveCfg = Debug|ARM64
		{83808B75-9101-45F9-8AE0-6D554963A4E6}.AppStore|ARM64.Build.0 = Debug|ARM64
		{83808B75-9101-45F9-8AE0-6D554963A4E6}.AppStore|ARM64.Deploy.0 = Debug|ARM64
		{83808B75-9101-45F9-8AE0-6D554963A4E6}.AppStore|iPhone.ActiveCfg = Debug|ARM
		{83808B75-9101-45F9-8AE0-6D554963A4E6}.AppStore|iPhone.Build.0 = Debug|ARM
		{83808B75-9101-45F9-8AE0-6D554963A4E6}.AppStore|iPhone.Deploy.0 = Debug|ARM
		{83808B75-9101-45F9-8AE0-6D554963A4E6}.AppStore|iPhoneSimulator.ActiveCfg = Debug|ARM
		{83808B75-9101-45F9-8AE0-6D554963A4E6}.AppStore|iPhoneSimulator.Build.0 = Debug|ARM
		{83808B75-9101-45F9-8AE0-6D554963A4E6}.AppStore|iPhoneSimulator.Deploy.0 = Debug|ARM
		{83808B75-9101-45F9-8AE0-6D554963A4E6}.AppStore|x64.ActiveCfg = Debug|x64
		{83808B75-9101-45F9-8AE0-6D554963A4E6}.AppStore|x64.Build.0 = Debug|x64
		{83808B75-9101-45F9-8AE0-6D554963A4E6}.AppStore|x64.Deploy.0 = Debug|x64
		{83808B75-9101-45F9-8AE0-6D554963A4E6}.AppStore|x86.ActiveCfg = Debug|x86
		{83808B75-9101-45F9-8AE0-6D554963A4E6}.AppStore|x86.Build.0 = Debug|x86
		{83808B75-9101-45F9-8AE0-6D554963A4E6}.AppStore|x86.Deploy.0 = Debug|x86
		{83808B75-9101-45F9-8AE0-6D554963A4E6}.Debug|Any CPU.ActiveCfg = Debug|x86
		{83808B75-9101-45F9-8AE0-6D554963A4E6}.Debug|ARM.ActiveCfg = Debug|ARM
		{83808B75-9101-45F9-8AE0-6D554963A4E6}.Debug|ARM.Build.0 = Debug|ARM
		{83808B75-9101-45F9-8AE0-6D554963A4E6}.Debug|ARM.Deploy.0 = Debug|ARM
		{83808B75-9101-45F9-8AE0-6D554963A4E6}.Debug|ARM64.ActiveCfg = Debug|ARM64
		{83808B75-9101-45F9-8AE0-6D554963A4E6}.Debug|ARM64.Build.0 = Debug|ARM64
		{83808B75-9101-45F9-8AE0-6D554963A4E6}.Debug|ARM64.Deploy.0 = Debug|ARM64
		{83808B75-9101-45F9-8AE0-6D554963A4E6}.Debug|iPhone.ActiveCfg = Debug|x86
		{83808B75-9101-45F9-8AE0-6D554963A4E6}.Debug|iPhoneSimulator.ActiveCfg = Debug|x86
		{83808B75-9101-45F9-8AE0-6D554963A4E6}.Debug|x64.ActiveCfg = Debug|x64
		{83808B75-9101-45F9-8AE0-6D554963A4E6}.Debug|x64.Build.0 = Debug|x64
		{83808B75-9101-45F9-8AE0-6D554963A4E6}.Debug|x64.Deploy.0 = Debug|x64
		{83808B75-9101-45F9-8AE0-6D554963A4E6}.Debug|x86.ActiveCfg = Debug|x86
		{83808B75-9101-45F9-8AE0-6D554963A4E6}.Debug|x86.Build.0 = Debug|x86
		{83808B75-9101-45F9-8AE0-6D554963A4E6}.Debug|x86.Deploy.0 = Debug|x86
		{83808B75-9101-45F9-8AE0-6D554963A4E6}.Release|Any CPU.ActiveCfg = Release|x86
		{83808B75-9101-45F9-8AE0-6D554963A4E6}.Release|ARM.ActiveCfg = Release|ARM
		{83808B75-9101-45F9-8AE0-6D554963A4E6}.Release|ARM.Build.0 = Release|ARM
		{83808B75-9101-45F9-8AE0-6D554963A4E6}.Release|ARM.Deploy.0 = Release|ARM
		{83808B75-9101-45F9-8AE0-6D554963A4E6}.Release|ARM64.ActiveCfg = Release|ARM64
		{83808B75-9101-45F9-8AE0-6D554963A4E6}.Release|ARM64.Build.0 = Release|ARM64
		{83808B75-9101-45F9-8AE0-6D554963A4E6}.Release|ARM64.Deploy.0 = Release|ARM64
		{83808B75-9101-45F9-8AE0-6D554963A4E6}.Release|iPhone.ActiveCfg = Release|x86
		{83808B75-9101-45F9-8AE0-6D554963A4E6}.Release|iPhoneSimulator.ActiveCfg = Release|x86
		{83808B75-9101-45F9-8AE0-6D554963A4E6}.Release|x64.ActiveCfg = Release|x64
		{83808B75-9101-45F9-8AE0-6D554963A4E6}.Release|x64.Build.0 = Release|x64
		{83808B75-9101-45F9-8AE0-6D554963A4E6}.Release|x64.Deploy.0 = Release|x64
		{83808B75-9101-45F9-8AE0-6D554963A4E6}.Release|x86.ActiveCfg = Release|x86
		{83808B75-9101-45F9-8AE0-6D554963A4E6}.Release|x86.Build.0 = Release|x86
		{83808B75-9101-45F9-8AE0-6D554963A4E6}.Release|x86.Deploy.0 = Release|x86
	EndGlobalSection
	GlobalSection(SolutionProperties) = preSolution
		HideSolutionNode = FALSE
	EndGlobalSection
	GlobalSection(ExtensibilityGlobals) = postSolution
		SolutionGuid = {818DF480-7CF5-47A9-A5AE-49818FD272DE}
	EndGlobalSection
EndGlobal
